
Microsoft Visual Studio Solution File, Format Version 12.00
# Visual Studio Version 17
VisualStudioVersion = 17.4.33213.308
MinimumVisualStudioVersion = 10.0.40219.1
Project("{9A19103F-16F7-4668-BE54-9A1E7A4F7556}") = "CarFish.UI", "CarFish.UI\CarFish.UI.csproj", "{14D4D3C0-0820-4665-BE83-87B16702024A}"
EndProject
Project("{9A19103F-16F7-4668-BE54-9A1E7A4F7556}") = "CarFish.Admin", "CarFish.Admin\CarFish.Admin.csproj", "{B9B086A2-1D44-4250-8D25-3717320BFD50}"
EndProject
Project("{FAE04EC0-301F-11D3-BF4B-00C04F79EFBC}") = "CarFish.Shared", "Carfish.Shared\CarFish.Shared.csproj", "{365555FF-A635-4834-B1F6-1B699CCD7E9D}"
EndProject
Global
	GlobalSection(SolutionConfigurationPlatforms) = preSolution
		Debug|Any CPU = Debug|Any CPU
		Release|Any CPU = Release|Any CPU
	EndGlobalSection
	GlobalSection(ProjectConfigurationPlatforms) = postSolution
		{14D4D3C0-0820-4665-BE83-87B16702024A}.Debug|Any CPU.ActiveCfg = Debug|Any CPU
		{14D4D3C0-0820-4665-BE83-87B16702024A}.Debug|Any CPU.Build.0 = Debug|Any CPU
		{14D4D3C0-0820-4665-BE83-87B16702024A}.Release|Any CPU.ActiveCfg = Release|Any CPU
		{14D4D3C0-0820-4665-BE83-87B16702024A}.Release|Any CPU.Build.0 = Release|Any CPU
		{B9B086A2-1D44-4250-8D25-3717320BFD50}.Debug|Any CPU.ActiveCfg = Debug|Any CPU
		{B9B086A2-1D44-4250-8D25-3717320BFD50}.Debug|Any CPU.Build.0 = Debug|Any CPU
		{B9B086A2-1D44-4250-8D25-3717320BFD50}.Release|Any CPU.ActiveCfg = Release|Any CPU
		{B9B086A2-1D44-4250-8D25-3717320BFD50}.Release|Any CPU.Build.0 = Release|Any CPU
		{365555FF-A635-4834-B1F6-1B699CCD7E9D}.Debug|Any CPU.ActiveCfg = Debug|Any CPU
		{365555FF-A635-4834-B1F6-1B699CCD7E9D}.Debug|Any CPU.Build.0 = Debug|Any CPU
		{365555FF-A635-4834-B1F6-1B699CCD7E9D}.Release|Any CPU.ActiveCfg = Release|Any CPU
		{365555FF-A635-4834-B1F6-1B699CCD7E9D}.Release|Any CPU.Build.0 = Release|Any CPU
	EndGlobalSection
	GlobalSection(SolutionProperties) = preSolution
		HideSolutionNode = FALSE
	EndGlobalSection
	GlobalSection(ExtensibilityGlobals) = postSolution
		SolutionGuid = {BCD9A73B-4E81-4A96-AE69-703FF8F73CD8}
	EndGlobalSection
EndGlobal
